
Microsoft Visual Studio Solution File, Format Version 12.00
# Visual Studio 15
VisualStudioVersion = 15.0.27703.2042
MinimumVisualStudioVersion = 10.0.40219.1
Project("{888888A0-9F3D-457C-B088-3A5042F75D52}") = "Lesson 3", "Lesson 3\Lesson 3.pyproj", "{27316E2E-5340-43FF-9A2A-F86F305A5524}"
EndProject
Global
	GlobalSection(SolutionConfigurationPlatforms) = preSolution
		Debug|Any CPU = Debug|Any CPU
		Release|Any CPU = Release|Any CPU
	EndGlobalSection
	GlobalSection(ProjectConfigurationPlatforms) = postSolution
		{27316E2E-5340-43FF-9A2A-F86F305A5524}.Debug|Any CPU.ActiveCfg = Debug|Any CPU
		{27316E2E-5340-43FF-9A2A-F86F305A5524}.Release|Any CPU.ActiveCfg = Release|Any CPU
	EndGlobalSection
	GlobalSection(SolutionProperties) = preSolution
		HideSolutionNode = FALSE
	EndGlobalSection
	GlobalSection(ExtensibilityGlobals) = postSolution
		SolutionGuid = {E738166A-BD43-40CC-9204-82204D13957B}
	EndGlobalSection
EndGlobal
